
Microsoft Visual Studio Solution File, Format Version 12.00
# Visual Studio 14
VisualStudioVersion = 14.0.25420.1
MinimumVisualStudioVersion = 10.0.40219.1
Project("{FAE04EC0-301F-11D3-BF4B-00C04F79EFBC}") = "TicketPeru", "TicketPeru\TicketPeru.csproj", "{EB467406-E261-42A3-AE3D-67AC6EAA01F3}"
EndProject
Global
	GlobalSection(SolutionConfigurationPlatforms) = preSolution
		Debug|Any CPU = Debug|Any CPU
		Release|Any CPU = Release|Any CPU
	EndGlobalSection
	GlobalSection(ProjectConfigurationPlatforms) = postSolution
		{EB467406-E261-42A3-AE3D-67AC6EAA01F3}.Debug|Any CPU.ActiveCfg = Debug|Any CPU
		{EB467406-E261-42A3-AE3D-67AC6EAA01F3}.Debug|Any CPU.Build.0 = Debug|Any CPU
		{EB467406-E261-42A3-AE3D-67AC6EAA01F3}.Release|Any CPU.ActiveCfg = Release|Any CPU
		{EB467406-E261-42A3-AE3D-67AC6EAA01F3}.Release|Any CPU.Build.0 = Release|Any CPU
	EndGlobalSection
	GlobalSection(SolutionProperties) = preSolution
		HideSolutionNode = FALSE
	EndGlobalSection
	GlobalSection(ExtensibilityGlobals) = postSolution
		SolutionGuid = {516C7B54-7FFA-4950-BDC5-28A21803C67D}
	EndGlobalSection
	
EndGlobal
